<?xml version="1.0" encoding="utf-8"?>
<Project ToolsVersion="4.0" xmlns="http://schemas.microsoft.com/developer/msbuild/2003">
  <ItemGroup>
    <Filter Include="Source Files">
      <UniqueIdentifier>{4FC737F1-C7A5-4376-A066-2A32D752A2FF}</UniqueIdentifier>
      <Extensions>cpp;c;cc;cxx;c++;cppm;ixx;def;odl;idl;hpj;bat;asm;asmx</Extensions>
    </Filter>
    <Filter Include="Header Files">
      <UniqueIdentifier>{93995380-89BD-4b04-88EB-625FBE52EBFB}</UniqueIdentifier>
      <Extensions>h;hh;hpp;hxx;h++;hm;inl;inc;ipp;xsd</Extensions>
    </Filter>
    <Filter Include="Resource Files">
      <UniqueIdentifier>{67DA6AB6-F800-4c08-8B7A-83BB121AAD01}</UniqueIdentifier>
      <Extensions>rc;ico;cur;bmp;dlg;rc2;rct;bin;rgs;gif;jpg;jpeg;jpe;resx;tiff;tif;png;wav;mfcribbon-ms</Extensions>
    </Filter>
    <Filter Include="shaders">
      <UniqueIdentifier>{d6ca4009-877c-4d89-9774-b4c1370f02f1}</UniqueIdentifier>
    </Filter>
    <Filter Include="media">
      <UniqueIdentifier>{81e137b1-4ea3-4abe-829a-6f64bc994cb6}</UniqueIdentifier>
    </Filter>
    <Filter Include="helper">
      <UniqueIdentifier>{6efe3a76-edc0-4f6f-b45a-1869ab863c2c}</UniqueIdentifier>
    </Filter>
    <Filter Include="helper\stb">
      <UniqueIdentifier>{2eeab77b-5d84-4893-b9df-1b2ed789b189}</UniqueIdentifier>
    </Filter>
    <Filter Include="media\texture">
      <UniqueIdentifier>{c4506d21-363f-482c-8036-674c5435bcea}</UniqueIdentifier>
    </Filter>
    <Filter Include="helper\imgui">
      <UniqueIdentifier>{de61591a-5101-461d-9991-921d77584a4b}</UniqueIdentifier>
    </Filter>
    <Filter Include="helper\imgui\backends">
      <UniqueIdentifier>{d2ee93a4-de96-46c2-831b-c8cc381b610b}</UniqueIdentifier>
    </Filter>
    <Filter Include="Irrklang">
      <UniqueIdentifier>{dc1141e6-cfca-4f71-bf5c-56d53245bf46}</UniqueIdentifier>
    </Filter>
  </ItemGroup>
  <ItemGroup>
    <ClCompile Include="main.cpp">
      <Filter>Source Files</Filter>
    </ClCompile>
    <ClCompile Include="helper\glutils.cpp">
      <Filter>helper</Filter>
    </ClCompile>
    <ClCompile Include="helper\glslprogram.cpp">
      <Filter>helper</Filter>
    </ClCompile>
    <ClCompile Include="scenebasic_uniform.cpp">
      <Filter>Source Files</Filter>
    </ClCompile>
    <ClCompile Include="helper\torus.cpp">
      <Filter>helper</Filter>
    </ClCompile>
    <ClCompile Include="helper\trianglemesh.cpp">
      <Filter>helper</Filter>
    </ClCompile>
    <ClCompile Include="global.cpp">
      <Filter>Source Files</Filter>
    </ClCompile>
    <ClCompile Include="helper\stb\stb_image.cpp">
      <Filter>helper\stb</Filter>
    </ClCompile>
    <ClCompile Include="media\texture\texture.cpp">
      <Filter>media\texture</Filter>
    </ClCompile>
    <ClCompile Include="media\texture\cube.cpp">
      <Filter>media\texture</Filter>
    </ClCompile>
    <ClCompile Include="helper\skybox.cpp">
      <Filter>helper</Filter>
    </ClCompile>
    <ClCompile Include="helper\objmesh.cpp">
      <Filter>helper</Filter>
    </ClCompile>
    <ClCompile Include="glad.c">
      <Filter>Source Files</Filter>
    </ClCompile>
    <ClCompile Include="helper\noisetex.cpp">
      <Filter>helper</Filter>
    </ClCompile>
    <ClCompile Include="helper\plane.cpp">
      <Filter>helper</Filter>
    </ClCompile>
    <ClCompile Include="helper\imgui\imgui.cpp">
      <Filter>helper\imgui</Filter>
    </ClCompile>
    <ClCompile Include="helper\imgui\imgui_demo.cpp">
      <Filter>helper\imgui</Filter>
    </ClCompile>
    <ClCompile Include="helper\imgui\imgui_draw.cpp">
      <Filter>helper\imgui</Filter>
    </ClCompile>
    <ClCompile Include="helper\imgui\imgui_tables.cpp">
      <Filter>helper\imgui</Filter>
    </ClCompile>
    <ClCompile Include="helper\imgui\imgui_widgets.cpp">
      <Filter>helper\imgui</Filter>
    </ClCompile>
    <ClCompile Include="helper\imgui\backends\imgui_impl_glfw.cpp">
      <Filter>helper\imgui\backends</Filter>
    </ClCompile>
    <ClCompile Include="helper\imgui\backends\imgui_impl_opengl3.cpp">
      <Filter>helper\imgui\backends</Filter>
    </ClCompile>
  </ItemGroup>
  <ItemGroup>
    <None Include="shader\basic_uniform.frag">
      <Filter>shaders</Filter>
    </None>
    <None Include="shader\basic_uniform.vert">
      <Filter>shaders</Filter>
    </None>
    <None Include="shader\particles.frag">
      <Filter>shaders</Filter>
    </None>
    <None Include="shader\particles.vert">
      <Filter>shaders</Filter>
    </None>
  </ItemGroup>
  <ItemGroup>
    <ClInclude Include="helper\scene.h">
      <Filter>helper</Filter>
    </ClInclude>
    <ClInclude Include="helper\scenerunner.h">
      <Filter>helper</Filter>
    </ClInclude>
    <ClInclude Include="helper\stb\stb_image.h">
      <Filter>helper\stb</Filter>
    </ClInclude>
    <ClInclude Include="helper\stb\stb_image_write.h">
      <Filter>helper\stb</Filter>
    </ClInclude>
    <ClInclude Include="helper\glutils.h">
      <Filter>helper</Filter>
    </ClInclude>
    <ClInclude Include="helper\glslprogram.h">
      <Filter>helper</Filter>
    </ClInclude>
    <ClInclude Include="scenebasic_uniform.h">
      <Filter>Header Files</Filter>
    </ClInclude>
    <ClInclude Include="helper\torus.h">
      <Filter>helper</Filter>
    </ClInclude>
    <ClInclude Include="helper\trianglemesh.h">
      <Filter>helper</Filter>
    </ClInclude>
    <ClInclude Include="helper\drawable.h">
      <Filter>helper</Filter>
    </ClInclude>
    <ClInclude Include="camera.h">
      <Filter>Source Files</Filter>
    </ClInclude>
    <ClInclude Include="global.h">
      <Filter>Source Files</Filter>
    </ClInclude>
    <ClInclude Include="media\texture\texture.h">
      <Filter>media\texture</Filter>
    </ClInclude>
    <ClInclude Include="media\texture\cube.h">
      <Filter>media\texture</Filter>
    </ClInclude>
    <ClInclude Include="helper\skybox.h">
      <Filter>helper</Filter>
    </ClInclude>
    <ClInclude Include="helper\aabb.h">
      <Filter>helper</Filter>
    </ClInclude>
    <ClInclude Include="helper\objmesh.h">
      <Filter>helper</Filter>
    </ClInclude>
    <ClInclude Include="helper\utils.h">
      <Filter>helper</Filter>
    </ClInclude>
    <ClInclude Include="crossbow.h">
      <Filter>Source Files</Filter>
    </ClInclude>
    <ClInclude Include="helper\noisetex.h">
      <Filter>helper</Filter>
    </ClInclude>
    <ClInclude Include="helper\particleutils.h">
      <Filter>helper</Filter>
    </ClInclude>
    <ClInclude Include="helper\random.h">
      <Filter>helper</Filter>
    </ClInclude>
    <ClInclude Include="particles.h">
      <Filter>Source Files</Filter>
    </ClInclude>
    <ClInclude Include="helper\plane.h">
      <Filter>helper</Filter>
    </ClInclude>
    <ClInclude Include="flag.h">
      <Filter>Source Files</Filter>
    </ClInclude>
    <ClInclude Include="helper\imgui\imconfig.h">
      <Filter>helper\imgui</Filter>
    </ClInclude>
    <ClInclude Include="helper\imgui\imgui.h">
      <Filter>helper\imgui</Filter>
    </ClInclude>
    <ClInclude Include="helper\imgui\imgui_internal.h">
      <Filter>helper\imgui</Filter>
    </ClInclude>
    <ClInclude Include="helper\imgui\imstb_rectpack.h">
      <Filter>helper\imgui</Filter>
    </ClInclude>
    <ClInclude Include="helper\imgui\imstb_textedit.h">
      <Filter>helper\imgui</Filter>
    </ClInclude>
    <ClInclude Include="helper\imgui\imstb_truetype.h">
      <Filter>helper\imgui</Filter>
    </ClInclude>
    <ClInclude Include="helper\imgui\backends\imgui_impl_glfw.h">
      <Filter>helper\imgui\backends</Filter>
    </ClInclude>
    <ClInclude Include="helper\imgui\backends\imgui_impl_opengl3.h">
      <Filter>helper\imgui\backends</Filter>
    </ClInclude>
    <ClInclude Include="helper\imgui\backends\imgui_impl_opengl3_loader.h">
      <Filter>helper\imgui\backends</Filter>
    </ClInclude>
    <ClInclude Include="irrklang\ik_ESoundEngineOptions.h">
      <Filter>Irrklang</Filter>
    </ClInclude>
    <ClInclude Include="irrklang\ik_ESoundOutputDrivers.h">
      <Filter>Irrklang</Filter>
    </ClInclude>
    <ClInclude Include="irrklang\ik_EStreamModes.h">
      <Filter>Irrklang</Filter>
    </ClInclude>
    <ClInclude Include="irrklang\ik_IAudioRecorder.h">
      <Filter>Irrklang</Filter>
    </ClInclude>
    <ClInclude Include="irrklang\ik_IAudioStream.h">
      <Filter>Irrklang</Filter>
    </ClInclude>
    <ClInclude Include="irrklang\ik_IAudioStreamLoader.h">
      <Filter>Irrklang</Filter>
    </ClInclude>
    <ClInclude Include="irrklang\ik_IFileFactory.h">
      <Filter>Irrklang</Filter>
    </ClInclude>
    <ClInclude Include="irrklang\ik_IFileReader.h">
      <Filter>Irrklang</Filter>
    </ClInclude>
    <ClInclude Include="irrklang\ik_IRefCounted.h">
      <Filter>Irrklang</Filter>
    </ClInclude>
    <ClInclude Include="irrklang\ik_irrKlangTypes.h">
      <Filter>Irrklang</Filter>
    </ClInclude>
    <ClInclude Include="irrklang\ik_ISound.h">
      <Filter>Irrklang</Filter>
    </ClInclude>
    <ClInclude Include="irrklang\ik_ISoundDeviceList.h">
      <Filter>Irrklang</Filter>
    </ClInclude>
    <ClInclude Include="irrklang\ik_ISoundEffectControl.h">
      <Filter>Irrklang</Filter>
    </ClInclude>
    <ClInclude Include="irrklang\ik_ISoundEngine.h">
      <Filter>Irrklang</Filter>
    </ClInclude>
    <ClInclude Include="irrklang\ik_ISoundMixedOutputReceiver.h">
      <Filter>Irrklang</Filter>
    </ClInclude>
    <ClInclude Include="irrklang\ik_ISoundSource.h">
      <Filter>Irrklang</Filter>
    </ClInclude>
    <ClInclude Include="irrklang\ik_ISoundStopEventReceiver.h">
      <Filter>Irrklang</Filter>
    </ClInclude>
    <ClInclude Include="irrklang\ik_IVirtualRefCounted.h">
      <Filter>Irrklang</Filter>
    </ClInclude>
    <ClInclude Include="irrklang\ik_SAudioStreamFormat.h">
      <Filter>Irrklang</Filter>
    </ClInclude>
    <ClInclude Include="irrklang\ik_vec3d.h">
      <Filter>Irrklang</Filter>
    </ClInclude>
    <ClInclude Include="irrklang\irrKlang.h">
      <Filter>Irrklang</Filter>
    </ClInclude>
  </ItemGroup>
</Project>